
Microsoft Visual Studio Solution File, Format Version 12.00
# Visual Studio Version 17
VisualStudioVersion = 17.9.34607.119
MinimumVisualStudioVersion = 10.0.40219.1
Project("{FAE04EC0-301F-11D3-BF4B-00C04F79EFBC}") = "Task1", "Task1\Task1.csproj", "{250E745F-3EAB-4DA6-BC2A-33166BCF2A1E}"
EndProject
Global
	GlobalSection(SolutionConfigurationPlatforms) = preSolution
		Debug|Any CPU = Debug|Any CPU
		Release|Any CPU = Release|Any CPU
	EndGlobalSection
	GlobalSection(ProjectConfigurationPlatforms) = postSolution
		{250E745F-3EAB-4DA6-BC2A-33166BCF2A1E}.Debug|Any CPU.ActiveCfg = Debug|Any CPU
		{250E745F-3EAB-4DA6-BC2A-33166BCF2A1E}.Debug|Any CPU.Build.0 = Debug|Any CPU
		{250E745F-3EAB-4DA6-BC2A-33166BCF2A1E}.Release|Any CPU.ActiveCfg = Release|Any CPU
		{250E745F-3EAB-4DA6-BC2A-33166BCF2A1E}.Release|Any CPU.Build.0 = Release|Any CPU
	EndGlobalSection
	GlobalSection(SolutionProperties) = preSolution
		HideSolutionNode = FALSE
	EndGlobalSection
	GlobalSection(ExtensibilityGlobals) = postSolution
		SolutionGuid = {AC4927A1-CD35-4D54-B6D2-297F45F61C35}
	EndGlobalSection
EndGlobal
